
Microsoft Visual Studio Solution File, Format Version 12.00
# Visual Studio Version 17
VisualStudioVersion = 17.2.32616.157
MinimumVisualStudioVersion = 10.0.40219.1
Project("{FAE04EC0-301F-11D3-BF4B-00C04F79EFBC}") = "Exercicio Prova 1", "Exercicio Prova 1\Exercicio Prova 1.csproj", "{D6F0168F-E3A7-4F46-98F5-754D5D2B5BBD}"
EndProject
Global
	GlobalSection(SolutionConfigurationPlatforms) = preSolution
		Debug|Any CPU = Debug|Any CPU
		Release|Any CPU = Release|Any CPU
	EndGlobalSection
	GlobalSection(ProjectConfigurationPlatforms) = postSolution
		{D6F0168F-E3A7-4F46-98F5-754D5D2B5BBD}.Debug|Any CPU.ActiveCfg = Debug|Any CPU
		{D6F0168F-E3A7-4F46-98F5-754D5D2B5BBD}.Debug|Any CPU.Build.0 = Debug|Any CPU
		{D6F0168F-E3A7-4F46-98F5-754D5D2B5BBD}.Release|Any CPU.ActiveCfg = Release|Any CPU
		{D6F0168F-E3A7-4F46-98F5-754D5D2B5BBD}.Release|Any CPU.Build.0 = Release|Any CPU
	EndGlobalSection
	GlobalSection(SolutionProperties) = preSolution
		HideSolutionNode = FALSE
	EndGlobalSection
	GlobalSection(ExtensibilityGlobals) = postSolution
		SolutionGuid = {8DB7B74C-D633-4515-9141-61122EC3D6FB}
	EndGlobalSection
EndGlobal
